
Microsoft Visual Studio Solution File, Format Version 12.00
# Visual Studio Version 16
VisualStudioVersion = 16.0.30011.22
MinimumVisualStudioVersion = 10.0.40219.1
Project("{FAE04EC0-301F-11D3-BF4B-00C04F79EFBC}") = "Lore-Fronton-React-Recoil", "Lore-Fronton-React-Recoil\Lore-Fronton-React-Recoil.csproj", "{38D64B98-5D90-49B6-8063-E4E750F79F16}"
EndProject
Global
	GlobalSection(SolutionConfigurationPlatforms) = preSolution
		Debug|Any CPU = Debug|Any CPU
		Release|Any CPU = Release|Any CPU
	EndGlobalSection
	GlobalSection(ProjectConfigurationPlatforms) = postSolution
		{38D64B98-5D90-49B6-8063-E4E750F79F16}.Debug|Any CPU.ActiveCfg = Debug|Any CPU
		{38D64B98-5D90-49B6-8063-E4E750F79F16}.Debug|Any CPU.Build.0 = Debug|Any CPU
		{38D64B98-5D90-49B6-8063-E4E750F79F16}.Release|Any CPU.ActiveCfg = Release|Any CPU
		{38D64B98-5D90-49B6-8063-E4E750F79F16}.Release|Any CPU.Build.0 = Release|Any CPU
	EndGlobalSection
	GlobalSection(SolutionProperties) = preSolution
		HideSolutionNode = FALSE
	EndGlobalSection
	GlobalSection(ExtensibilityGlobals) = postSolution
		SolutionGuid = {F5FCE466-6A80-468F-B5BD-343B5288206C}
	EndGlobalSection
EndGlobal
